
Microsoft Visual Studio Solution File, Format Version 12.00
# Visual Studio Version 17
VisualStudioVersion = 17.7.34031.279
MinimumVisualStudioVersion = 10.0.40219.1
Project("{FAE04EC0-301F-11D3-BF4B-00C04F79EFBC}") = "edu.Ejercicio2_Prog", "edu.Ejercicio2_Prog\edu.Ejercicio2_Prog.csproj", "{62EB9EAF-DC32-4DD9-81EC-23A4A4C7859C}"
EndProject
Global
	GlobalSection(SolutionConfigurationPlatforms) = preSolution
		Debug|Any CPU = Debug|Any CPU
		Release|Any CPU = Release|Any CPU
	EndGlobalSection
	GlobalSection(ProjectConfigurationPlatforms) = postSolution
		{62EB9EAF-DC32-4DD9-81EC-23A4A4C7859C}.Debug|Any CPU.ActiveCfg = Debug|Any CPU
		{62EB9EAF-DC32-4DD9-81EC-23A4A4C7859C}.Debug|Any CPU.Build.0 = Debug|Any CPU
		{62EB9EAF-DC32-4DD9-81EC-23A4A4C7859C}.Release|Any CPU.ActiveCfg = Release|Any CPU
		{62EB9EAF-DC32-4DD9-81EC-23A4A4C7859C}.Release|Any CPU.Build.0 = Release|Any CPU
	EndGlobalSection
	GlobalSection(SolutionProperties) = preSolution
		HideSolutionNode = FALSE
	EndGlobalSection
	GlobalSection(ExtensibilityGlobals) = postSolution
		SolutionGuid = {250080D8-D506-40C3-A0A4-FE81D16AF525}
	EndGlobalSection
EndGlobal
